{
  "pins" : [
    {
      "identity" : "productanalytics",
      "kind" : "remoteSourceControl",
      "location" : "https://github.com/nthState/ProductAnalytics",
      "state" : {
        "branch" : "main",
        "revision" : "af6b05260f439ae1c6eae65287f96d17021d278c"
      }
    }
  ],
  "version" : 2
}
