{
  "pins" : [
    {
      "identity" : "productanalytics",
      "kind" : "remoteSourceControl",
      "location" : "https://github.com/nthState/ProductAnalytics",
      "state" : {
        "branch" : "main",
        "revision" : "7be19cfc5557cb99bd2c177e328d732c157907c8"
      }
    }
  ],
  "version" : 2
}
