{
  "pins" : [
    {
      "identity" : "productanalytics",
      "kind" : "remoteSourceControl",
      "location" : "https://github.com/nthState/ProductAnalytics",
      "state" : {
        "branch" : "main",
        "revision" : "3e5351211c37eeda5f5a990224de8ceaa0097e83"
      }
    }
  ],
  "version" : 2
}
